
Microsoft Visual Studio Solution File, Format Version 12.00
# Visual Studio 2017
Project("{FAE04EC0-301F-11D3-BF4B-00C04F79EFBC}") = "OneMonthGameJam2017", "OneMonthGameJam2017.csproj", "{BA8A0963-9E50-DDD3-2A2D-70A14FAD07E4}"
EndProject
Project("{FAE04EC0-301F-11D3-BF4B-00C04F79EFBC}") = "OneMonthGameJam2017.Plugins", "OneMonthGameJam2017.Plugins.csproj", "{ABD3490B-0F7F-3CCE-BEE5-6D5300715DCB}"
EndProject
Project("{FAE04EC0-301F-11D3-BF4B-00C04F79EFBC}") = "OneMonthGameJam2017.Editor", "OneMonthGameJam2017.Editor.csproj", "{8556A724-C3C1-B7BB-72C9-F1A3AC26ED91}"
EndProject
Project("{FAE04EC0-301F-11D3-BF4B-00C04F79EFBC}") = "OneMonthGameJam2017.Editor.Plugins", "OneMonthGameJam2017.Editor.Plugins.csproj", "{5752A0C1-17BF-5F53-8604-E10AA192F438}"
EndProject
Global
	GlobalSection(SolutionConfigurationPlatforms) = preSolution
		Debug|Any CPU = Debug|Any CPU
		Release|Any CPU = Release|Any CPU
	EndGlobalSection
	GlobalSection(ProjectConfigurationPlatforms) = postSolution
		{BA8A0963-9E50-DDD3-2A2D-70A14FAD07E4}.Debug|Any CPU.ActiveCfg = Debug|Any CPU
		{BA8A0963-9E50-DDD3-2A2D-70A14FAD07E4}.Debug|Any CPU.Build.0 = Debug|Any CPU
		{BA8A0963-9E50-DDD3-2A2D-70A14FAD07E4}.Release|Any CPU.ActiveCfg = Release|Any CPU
		{BA8A0963-9E50-DDD3-2A2D-70A14FAD07E4}.Release|Any CPU.Build.0 = Release|Any CPU
		{ABD3490B-0F7F-3CCE-BEE5-6D5300715DCB}.Debug|Any CPU.ActiveCfg = Debug|Any CPU
		{ABD3490B-0F7F-3CCE-BEE5-6D5300715DCB}.Debug|Any CPU.Build.0 = Debug|Any CPU
		{ABD3490B-0F7F-3CCE-BEE5-6D5300715DCB}.Release|Any CPU.ActiveCfg = Release|Any CPU
		{ABD3490B-0F7F-3CCE-BEE5-6D5300715DCB}.Release|Any CPU.Build.0 = Release|Any CPU
		{8556A724-C3C1-B7BB-72C9-F1A3AC26ED91}.Debug|Any CPU.ActiveCfg = Debug|Any CPU
		{8556A724-C3C1-B7BB-72C9-F1A3AC26ED91}.Debug|Any CPU.Build.0 = Debug|Any CPU
		{8556A724-C3C1-B7BB-72C9-F1A3AC26ED91}.Release|Any CPU.ActiveCfg = Release|Any CPU
		{8556A724-C3C1-B7BB-72C9-F1A3AC26ED91}.Release|Any CPU.Build.0 = Release|Any CPU
		{5752A0C1-17BF-5F53-8604-E10AA192F438}.Debug|Any CPU.ActiveCfg = Debug|Any CPU
		{5752A0C1-17BF-5F53-8604-E10AA192F438}.Debug|Any CPU.Build.0 = Debug|Any CPU
		{5752A0C1-17BF-5F53-8604-E10AA192F438}.Release|Any CPU.ActiveCfg = Release|Any CPU
		{5752A0C1-17BF-5F53-8604-E10AA192F438}.Release|Any CPU.Build.0 = Release|Any CPU
	EndGlobalSection
	GlobalSection(SolutionProperties) = preSolution
		HideSolutionNode = FALSE
	EndGlobalSection
EndGlobal
